// !$*UTF8*$!
{
	archiveVersion = 1;
	classes = {
	};
	objectVersion = 46;
	objects = {

/* Begin PBXBuildFile section */
		FA25DCD51A4794DA008D8704 /* AppDelegate.swift in Sources */ = {isa = PBXBuildFile; fileRef = FA25DCD41A4794DA008D8704 /* AppDelegate.swift */; };
		FA25DCD71A4794DA008D8704 /* ViewController.swift in Sources */ = {isa = PBXBuildFile; fileRef = FA25DCD61A4794DA008D8704 /* ViewController.swift */; };
		FA25DCDA1A4794DA008D8704 /* Main.storyboard in Resources */ = {isa = PBXBuildFile; fileRef = FA25DCD81A4794DA008D8704 /* Main.storyboard */; };
		FA25DCDC1A4794DA008D8704 /* Images.xcassets in Resources */ = {isa = PBXBuildFile; fileRef = FA25DCDB1A4794DA008D8704 /* Images.xcassets */; };
		FA25DCDF1A4794DA008D8704 /* LaunchScreen.xib in Resources */ = {isa = PBXBuildFile; fileRef = FA25DCDD1A4794DA008D8704 /* LaunchScreen.xib */; };
		FA25DCEB1A4794DA008D8704 /* PostcardTests.swift in Sources */ = {isa = PBXBuildFile; fileRef = FA25DCEA1A4794DA008D8704 /* PostcardTests.swift */; };
/* End PBXBuildFile section */

/* Begin PBXContainerItemProxy section */
		FA25DCE51A4794DA008D8704 /* PBXContainerItemProxy */ = {
			isa = PBXContainerItemProxy;
			containerPortal = FA25DCC71A4794DA008D8704 /* Project object */;
			proxyType = 1;
			remoteGlobalIDString = FA25DCCE1A4794DA008D8704;
			remoteInfo = Postcard;
		};
/* End PBXContainerItemProxy section */

/* Begin PBXFileReference section */
		FA25DCCF1A4794DA008D8704 /* Postcard.app */ = {isa = PBXFileReference; explicitFileType = wrapper.application; includeInIndex = 0; path = Postcard.app; sourceTree = BUILT_PRODUCTS_DIR; };
		FA25DCD31A4794DA008D8704 /* Info.plist */ = {isa = PBXFileReference; lastKnownFileType = text.plist.xml; path = Info.plist; sourceTree = "<group>"; };
		FA25DCD41A4794DA008D8704 /* AppDelegate.swift */ = {isa = PBXFileReference; lastKnownFileType = sourcecode.swift; path = AppDelegate.swift; sourceTree = "<group>"; };
		FA25DCD61A4794DA008D8704 /* ViewController.swift */ = {isa = PBXFileReference; lastKnownFileType = sourcecode.swift; path = ViewController.swift; sourceTree = "<group>"; };
		FA25DCD91A4794DA008D8704 /* Base */ = {isa = PBXFileReference; lastKnownFileType = file.storyboard; name = Base; path = Base.lproj/Main.storyboard; sourceTree = "<group>"; };
		FA25DCDB1A4794DA008D8704 /* Images.xcassets */ = {isa = PBXFileReference; lastKnownFileType = folder.assetcatalog; path = Images.xcassets; sourceTree = "<group>"; };
		FA25DCDE1A4794DA008D8704 /* Base */ = {isa = PBXFileReference; lastKnownFileType = file.xib; name = Base; path = Base.lproj/LaunchScreen.xib; sourceTree = "<group>"; };
		FA25DCE41A4794DA008D8704 /* PostcardTests.xctest */ = {isa = PBXFileReference; explicitFileType = wrapper.cfbundle; includeInIndex = 0; path = PostcardTests.xctest; sourceTree = BUILT_PRODUCTS_DIR; };
		FA25DCE91A4794DA008D8704 /* Info.plist */ = {isa = PBXFileReference; lastKnownFileType = text.plist.xml; path = Info.plist; sourceTree = "<group>"; };
		FA25DCEA1A4794DA008D8704 /* PostcardTests.swift */ = {isa = PBXFileReference; lastKnownFileType = sourcecode.swift; path = PostcardTests.swift; sourceTree = "<group>"; };
/* End PBXFileReference section */

/* Begin PBXFrameworksBuildPhase section */
		FA25DCCC1A4794DA008D8704 /* Frameworks */ = {
			isa = PBXFrameworksBuildPhase;
			buildActionMask = 2147483647;
			files = (
			);
			runOnlyForDeploymentPostprocessing = 0;
		};
		FA25DCE11A4794DA008D8704 /* Frameworks */ = {
			isa = PBXFrameworksBuildPhase;
			buildActionMask = 2147483647;
			files = (
			);
			runOnlyForDeploymentPostprocessing = 0;
		};
/* End PBXFrameworksBuildPhase section */

/* Begin PBXGroup section */
		FA25DCC61A4794D9008D8704 = {
			isa = PBXGroup;
			children = (
				FA25DCD11A4794DA008D8704 /* Postcard */,
				FA25DCE71A4794DA008D8704 /* PostcardTests */,
				FA25DCD01A4794DA008D8704 /* Products */,
			);
			sourceTree = "<group>";
		};
		FA25DCD01A4794DA008D8704 /* Products */ = {
			isa = PBXGroup;
			children = (
				FA25DCCF1A4794DA008D8704 /* Postcard.app */,
				FA25DCE41A4794DA008D8704 /* PostcardTests.xctest */,
			);
			name = Products;
			sourceTree = "<group>";
		};
		FA25DCD11A4794DA008D8704 /* Postcard */ = {
			isa = PBXGroup;
			children = (
				FA25DCD41A4794DA008D8704 /* AppDelegate.swift */,
				FA25DCD61A4794DA008D8704 /* ViewController.swift */,
				FA25DCD81A4794DA008D8704 /* Main.storyboard */,
				FA25DCDB1A4794DA008D8704 /* Images.xcassets */,
				FA25DCDD1A4794DA008D8704 /* LaunchScreen.xib */,
				FA25DCD21A4794DA008D8704 /* Supporting Files */,
			);
			path = Postcard;
			sourceTree = "<group>";
		};
		FA25DCD21A4794DA008D8704 /* Supporting Files */ = {
			isa = PBXGroup;
			children = (
				FA25DCD31A4794DA008D8704 /* Info.plist */,
			);
			name = "Supporting Files";
			sourceTree = "<group>";
		};
		FA25DCE71A4794DA008D8704 /* PostcardTests */ = {
			isa = PBXGroup;
			children = (
				FA25DCEA1A4794DA008D8704 /* PostcardTests.swift */,
				FA25DCE81A4794DA008D8704 /* Supporting Files */,
			);
			path = PostcardTests;
			sourceTree = "<group>";
		};
		FA25DCE81A4794DA008D8704 /* Supporting Files */ = {
			isa = PBXGroup;
			children = (
				FA25DCE91A4794DA008D8704 /* Info.plist */,
			);
			name = "Supporting Files";
			sourceTree = "<group>";
		};
/* End PBXGroup section */

/* Begin PBXNativeTarget section */
		FA25DCCE1A4794DA008D8704 /* Postcard */ = {
			isa = PBXNativeTarget;
			buildConfigurationList = FA25DCEE1A4794DA008D8704 /* Build configuration list for PBXNativeTarget "Postcard" */;
			buildPhases = (
				FA25DCCB1A4794DA008D8704 /* Sources */,
				FA25DCCC1A4794DA008D8704 /* Frameworks */,
				FA25DCCD1A4794DA008D8704 /* Resources */,
			);
			buildRules = (
			);
			dependencies = (
			);
			name = Postcard;
			productName = Postcard;
			productReference = FA25DCCF1A4794DA008D8704 /* Postcard.app */;
			productType = "com.apple.product-type.application";
		};
		FA25DCE31A4794DA008D8704 /* PostcardTests */ = {
			isa = PBXNativeTarget;
			buildConfigurationList = FA25DCF11A4794DA008D8704 /* Build configuration list for PBXNativeTarget "PostcardTests" */;
			buildPhases = (
				FA25DCE01A4794DA008D8704 /* Sources */,
				FA25DCE11A4794DA008D8704 /* Frameworks */,
				FA25DCE21A4794DA008D8704 /* Resources */,
			);
			buildRules = (
			);
			dependencies = (
				FA25DCE61A4794DA008D8704 /* PBXTargetDependency */,
			);
			name = PostcardTests;
			productName = PostcardTests;
			productReference = FA25DCE41A4794DA008D8704 /* PostcardTests.xctest */;
			productType = "com.apple.product-type.bundle.unit-test";
		};
/* End PBXNativeTarget section */

/* Begin PBXProject section */
		FA25DCC71A4794DA008D8704 /* Project object */ = {
			isa = PBXProject;
			attributes = {
				LastUpgradeCheck = 0610;
				ORGANIZATIONNAME = GotUTech;
				TargetAttributes = {
					FA25DCCE1A4794DA008D8704 = {
						CreatedOnToolsVersion = 6.1.1;
					};
					FA25DCE31A4794DA008D8704 = {
						CreatedOnToolsVersion = 6.1.1;
						TestTargetID = FA25DCCE1A4794DA008D8704;
					};
				};
			};
			buildConfigurationList = FA25DCCA1A4794DA008D8704 /* Build configuration list for PBXProject "Postcard" */;
			compatibilityVersion = "Xcode 3.2";
			developmentRegion = English;
			hasScannedForEncodings = 0;
			knownRegions = (
				en,
				Base,
			);
			mainGroup = FA25DCC61A4794D9008D8704;
			productRefGroup = FA25DCD01A4794DA008D8704 /* Products */;
			projectDirPath = "";
			projectRoot = "";
			targets = (
				FA25DCCE1A4794DA008D8704 /* Postcard */,
				FA25DCE31A4794DA008D8704 /* PostcardTests */,
			);
		};
/* End PBXProject section */

/* Begin PBXResourcesBuildPhase section */
		FA25DCCD1A4794DA008D8704 /* Resources */ = {
			isa = PBXResourcesBuildPhase;
			buildActionMask = 2147483647;
			files = (
				FA25DCDA1A4794DA008D8704 /* Main.storyboard in Resources */,
				FA25DCDF1A4794DA008D8704 /* LaunchScreen.xib in Resources */,
				FA25DCDC1A4794DA008D8704 /* Images.xcassets in Resources */,
			);
			runOnlyForDeploymentPostprocessing = 0;
		};
		FA25DCE21A4794DA008D8704 /* Resources */ = {
			isa = PBXResourcesBuildPhase;
			buildActionMask = 2147483647;
			files = (
			);
			runOnlyForDeploymentPostprocessing = 0;
		};
/* End PBXResourcesBuildPhase section */

/* Begin PBXSourcesBuildPhase section */
		FA25DCCB1A4794DA008D8704 /* Sources */ = {
			isa = PBXSourcesBuildPhase;
			buildActionMask = 2147483647;
			files = (
				FA25DCD71A4794DA008D8704 /* ViewController.swift in Sources */,
				FA25DCD51A4794DA008D8704 /* AppDelegate.swift in Sources */,
			);
			runOnlyForDeploymentPostprocessing = 0;
		};
		FA25DCE01A4794DA008D8704 /* Sources */ = {
			isa = PBXSourcesBuildPhase;
			buildActionMask = 2147483647;
			files = (
				FA25DCEB1A4794DA008D8704 /* PostcardTests.swift in Sources */,
			);
			runOnlyForDeploymentPostprocessing = 0;
		};
/* End PBXSourcesBuildPhase section */

/* Begin PBXTargetDependency section */
		FA25DCE61A4794DA008D8704 /* PBXTargetDependency */ = {
			isa = PBXTargetDependency;
			target = FA25DCCE1A4794DA008D8704 /* Postcard */;
			targetProxy = FA25DCE51A4794DA008D8704 /* PBXContainerItemProxy */;
		};
/* End PBXTargetDependency section */

/* Begin PBXVariantGroup section */
		FA25DCD81A4794DA008D8704 /* Main.storyboard */ = {
			isa = PBXVariantGroup;
			children = (
				FA25DCD91A4794DA008D8704 /* Base */,
			);
			name = Main.storyboard;
			sourceTree = "<group>";
		};
		FA25DCDD1A4794DA008D8704 /* LaunchScreen.xib */ = {
			isa = PBXVariantGroup;
			children = (
				FA25DCDE1A4794DA008D8704 /* Base */,
			);
			name = LaunchScreen.xib;
			sourceTree = "<group>";
		};
/* End PBXVariantGroup section */

/* Begin XCBuildConfiguration section */
		FA25DCEC1A4794DA008D8704 /* Debug */ = {
			isa = XCBuildConfiguration;
			buildSettings = {
				ALWAYS_SEARCH_USER_PATHS = NO;
				CLANG_CXX_LANGUAGE_STANDARD = "gnu++0x";
				CLANG_CXX_LIBRARY = "libc++";
				CLANG_ENABLE_MODULES = YES;
				CLANG_ENABLE_OBJC_ARC = YES;
				CLANG_WARN_BOOL_CONVERSION = YES;
				CLANG_WARN_CONSTANT_CONVERSION = YES;
				CLANG_WARN_DIRECT_OBJC_ISA_USAGE = YES_ERROR;
				CLANG_WARN_EMPTY_BODY = YES;
				CLANG_WARN_ENUM_CONVERSION = YES;
				CLANG_WARN_INT_CONVERSION = YES;
				CLANG_WARN_OBJC_ROOT_CLASS = YES_ERROR;
				CLANG_WARN_UNREACHABLE_CODE = YES;
				CLANG_WARN__DUPLICATE_METHOD_MATCH = YES;
				"CODE_SIGN_IDENTITY[sdk=iphoneos*]" = "iPhone Developer";
				COPY_PHASE_STRIP = NO;
				ENABLE_STRICT_OBJC_MSGSEND = YES;
				GCC_C_LANGUAGE_STANDARD = gnu99;
				GCC_DYNAMIC_NO_PIC = NO;
				GCC_OPTIMIZATION_LEVEL = 0;
				GCC_PREPROCESSOR_DEFINITIONS = (
					"DEBUG=1",
					"$(inherited)",
				);
				GCC_SYMBOLS_PRIVATE_EXTERN = NO;
				GCC_WARN_64_TO_32_BIT_CONVERSION = YES;
				GCC_WARN_ABOUT_RETURN_TYPE = YES_ERROR;
				GCC_WARN_UNDECLARED_SELECTOR = YES;
				GCC_WARN_UNINITIALIZED_AUTOS = YES_AGGRESSIVE;
				GCC_WARN_UNUSED_FUNCTION = YES;
				GCC_WARN_UNUSED_VARIABLE = YES;
				IPHONEOS_DEPLOYMENT_TARGET = 8.1;
				MTL_ENABLE_DEBUG_INFO = YES;
				ONLY_ACTIVE_ARCH = YES;
				SDKROOT = iphoneos;
				SWIFT_OPTIMIZATION_LEVEL = "-Onone";
				TARGETED_DEVICE_FAMILY = "1,2";
			};
			name = Debug;
		};
		FA25DCED1A4794DA008D8704 /* Release */ = {
			isa = XCBuildConfiguration;
			buildSettings = {
				ALWAYS_SEARCH_USER_PATHS = NO;
				CLANG_CXX_LANGUAGE_STANDARD = "gnu++0x";
				CLANG_CXX_LIBRARY = "libc++";
				CLANG_ENABLE_MODULES = YES;
				CLANG_ENABLE_OBJC_ARC = YES;
				CLANG_WARN_BOOL_CONVERSION = YES;
				CLANG_WARN_CONSTANT_CONVERSION = YES;
				CLANG_WARN_DIRECT_OBJC_ISA_USAGE = YES_ERROR;
				CLANG_WARN_EMPTY_BODY = YES;
				CLANG_WARN_ENUM_CONVERSION = YES;
				CLANG_WARN_INT_CONVERSION = YES;
				CLANG_WARN_OBJC_ROOT_CLASS = YES_ERROR;
				CLANG_WARN_UNREACHABLE_CODE = YES;
				CLANG_WARN__DUPLICATE_METHOD_MATCH = YES;
				"CODE_SIGN_IDENTITY[sdk=iphoneos*]" = "iPhone Developer";
				COPY_PHASE_STRIP = YES;
				ENABLE_NS_ASSERTIONS = NO;
				ENABLE_STRICT_OBJC_MSGSEND = YES;
				GCC_C_LANGUAGE_STANDARD = gnu99;
				GCC_WARN_64_TO_32_BIT_CONVERSION = YES;
				GCC_WARN_ABOUT_RETURN_TYPE = YES_ERROR;
				GCC_WARN_UNDECLARED_SELECTOR = YES;
				GCC_WARN_UNINITIALIZED_AUTOS = YES_AGGRESSIVE;
				GCC_WARN_UNUSED_FUNCTION = YES;
				GCC_WARN_UNUSED_VARIABLE = YES;
				IPHONEOS_DEPLOYMENT_TARGET = 8.1;
				MTL_ENABLE_DEBUG_INFO = NO;
				SDKROOT = iphoneos;
				TARGETED_DEVICE_FAMILY = "1,2";
				VALIDATE_PRODUCT = YES;
			};
			name = Release;
		};
		FA25DCEF1A4794DA008D8704 /* Debug */ = {
			isa = XCBuildConfiguration;
			buildSettings = {
				ASSETCATALOG_COMPILER_APPICON_NAME = AppIcon;
				INFOPLIST_FILE = Postcard/Info.plist;
				LD_RUNPATH_SEARCH_PATHS = "$(inherited) @executable_path/Frameworks";
				PRODUCT_NAME = "$(TARGET_NAME)";
			};
			name = Debug;
		};
		FA25DCF01A4794DA008D8704 /* Release */ = {
			isa = XCBuildConfiguration;
			buildSettings = {
				ASSETCATALOG_COMPILER_APPICON_NAME = AppIcon;
				INFOPLIST_FILE = Postcard/Info.plist;
				LD_RUNPATH_SEARCH_PATHS = "$(inherited) @executable_path/Frameworks";
				PRODUCT_NAME = "$(TARGET_NAME)";
			};
			name = Release;
		};
		FA25DCF21A4794DA008D8704 /* Debug */ = {
			isa = XCBuildConfiguration;
			buildSettings = {
				BUNDLE_LOADER = "$(TEST_HOST)";
				FRAMEWORK_SEARCH_PATHS = (
					"$(SDKROOT)/Developer/Library/Frameworks",
					"$(inherited)",
				);
				GCC_PREPROCESSOR_DEFINITIONS = (
					"DEBUG=1",
					"$(inherited)",
				);
				INFOPLIST_FILE = PostcardTests/Info.plist;
				LD_RUNPATH_SEARCH_PATHS = "$(inherited) @executable_path/Frameworks @loader_path/Frameworks";
				PRODUCT_NAME = "$(TARGET_NAME)";
				TEST_HOST = "$(BUILT_PRODUCTS_DIR)/Postcard.app/Postcard";
			};
			name = Debug;
		};
		FA25DCF31A4794DA008D8704 /* Release */ = {
			isa = XCBuildConfiguration;
			buildSettings = {
				BUNDLE_LOADER = "$(TEST_HOST)";
				FRAMEWORK_SEARCH_PATHS = (
					"$(SDKROOT)/Developer/Library/Frameworks",
					"$(inherited)",
				);
				INFOPLIST_FILE = PostcardTests/Info.plist;
				LD_RUNPATH_SEARCH_PATHS = "$(inherited) @executable_path/Frameworks @loader_path/Frameworks";
				PRODUCT_NAME = "$(TARGET_NAME)";
				TEST_HOST = "$(BUILT_PRODUCTS_DIR)/Postcard.app/Postcard";
			};
			name = Release;
		};
/* End XCBuildConfiguration section */

/* Begin XCConfigurationList section */
		FA25DCCA1A4794DA008D8704 /* Build configuration list for PBXProject "Postcard" */ = {
			isa = XCConfigurationList;
			buildConfigurations = (
				FA25DCEC1A4794DA008D8704 /* Debug */,
				FA25DCED1A4794DA008D8704 /* Release */,
			);
			defaultConfigurationIsVisible = 0;
			defaultConfigurationName = Release;
		};
		FA25DCEE1A4794DA008D8704 /* Build configuration list for PBXNativeTarget "Postcard" */ = {
			isa = XCConfigurationList;
			buildConfigurations = (
				FA25DCEF1A4794DA008D8704 /* Debug */,
				FA25DCF01A4794DA008D8704 /* Release */,
			);
			defaultConfigurationIsVisible = 0;
		};
		FA25DCF11A4794DA008D8704 /* Build configuration list for PBXNativeTarget "PostcardTests" */ = {
			isa = XCConfigurationList;
			buildConfigurations = (
				FA25DCF21A4794DA008D8704 /* Debug */,
				FA25DCF31A4794DA008D8704 /* Release */,
			);
			defaultConfigurationIsVisible = 0;
		};
/* End XCConfigurationList section */
	};
	rootObject = FA25DCC71A4794DA008D8704 /* Project object */;
}
